PODS:
  - FBSnapshotTestCase (2.1.4):
    - FBSnapshotTestCase/SwiftSupport (= 2.1.4)
  - FBSnapshotTestCase/Core (2.1.4)
  - FBSnapshotTestCase/SwiftSupport (2.1.4):
    - FBSnapshotTestCase/Core
  - HPBaseKit (0.1.0)

DEPENDENCIES:
  - FBSnapshotTestCase
  - HPBaseKit (from `../`)

SPEC REPOS:
  trunk:
    - FBSnapshotTestCase

EXTERNAL SOURCES:
  HPBaseKit:
    :path: "../"

SPEC CHECKSUMS:
  FBSnapshotTestCase: 094f9f314decbabe373b87cc339bea235a63e07a
  HPBaseKit: 087f0f055b41301d7a2efec2e213c717bbe53448

PODFILE CHECKSUM: 12157d8375d2a993cc8d2458bf7959065e5ebd69

COCOAPODS: 1.10.1
